
Microsoft Visual Studio Solution File, Format Version 12.00
# Visual Studio Version 16
VisualStudioVersion = 16.0.28803.202
MinimumVisualStudioVersion = 10.0.40219.1
Project("{9A19103F-16F7-4668-BE54-9A1E7A4F7556}") = "JN.MicroHttpServer", "JN.MicroHttpServer\JN.MicroHttpServer.csproj", "{81E02546-F864-41BF-A40A-7C5030CB454F}"
EndProject
Project("{FAE04EC0-301F-11D3-BF4B-00C04F79EFBC}") = "JN.MicroHttpServer.Tests", "JN.MicroHttpServer.Tests\JN.MicroHttpServer.Tests.csproj", "{A3EDBB89-0008-48CB-9E49-9A38CC594ED9}"
EndProject
Global
	GlobalSection(SolutionConfigurationPlatforms) = preSolution
		Debug|Any CPU = Debug|Any CPU
		Release|Any CPU = Release|Any CPU
	EndGlobalSection
	GlobalSection(ProjectConfigurationPlatforms) = postSolution
		{81E02546-F864-41BF-A40A-7C5030CB454F}.Debug|Any CPU.ActiveCfg = Debug|Any CPU
		{81E02546-F864-41BF-A40A-7C5030CB454F}.Debug|Any CPU.Build.0 = Debug|Any CPU
		{81E02546-F864-41BF-A40A-7C5030CB454F}.Release|Any CPU.ActiveCfg = Release|Any CPU
		{81E02546-F864-41BF-A40A-7C5030CB454F}.Release|Any CPU.Build.0 = Release|Any CPU
		{A3EDBB89-0008-48CB-9E49-9A38CC594ED9}.Debug|Any CPU.ActiveCfg = Debug|Any CPU
		{A3EDBB89-0008-48CB-9E49-9A38CC594ED9}.Debug|Any CPU.Build.0 = Debug|Any CPU
		{A3EDBB89-0008-48CB-9E49-9A38CC594ED9}.Release|Any CPU.ActiveCfg = Release|Any CPU
		{A3EDBB89-0008-48CB-9E49-9A38CC594ED9}.Release|Any CPU.Build.0 = Release|Any CPU
	EndGlobalSection
	GlobalSection(SolutionProperties) = preSolution
		HideSolutionNode = FALSE
	EndGlobalSection
	GlobalSection(ExtensibilityGlobals) = postSolution
		SolutionGuid = {93136F33-40D4-4D7A-A9FC-AD8F065C576F}
	EndGlobalSection
EndGlobal
